
Microsoft Visual Studio Solution File, Format Version 12.00
# Visual Studio Version 16
VisualStudioVersion = 16.0.30204.135
MinimumVisualStudioVersion = 10.0.40219.1
Project("{888888A0-9F3D-457C-B088-3A5042F75D52}") = "QuickSort", "QuickSort.pyproj", "{F265205F-28E2-4C6A-AC67-4640EA8E23CE}"
EndProject
Global
	GlobalSection(SolutionConfigurationPlatforms) = preSolution
		Debug|Any CPU = Debug|Any CPU
		Release|Any CPU = Release|Any CPU
	EndGlobalSection
	GlobalSection(ProjectConfigurationPlatforms) = postSolution
		{F265205F-28E2-4C6A-AC67-4640EA8E23CE}.Debug|Any CPU.ActiveCfg = Debug|Any CPU
		{F265205F-28E2-4C6A-AC67-4640EA8E23CE}.Release|Any CPU.ActiveCfg = Release|Any CPU
	EndGlobalSection
	GlobalSection(SolutionProperties) = preSolution
		HideSolutionNode = FALSE
	EndGlobalSection
	GlobalSection(ExtensibilityGlobals) = postSolution
		SolutionGuid = {7621A628-DEDE-4598-A1C0-6C4245B395E1}
	EndGlobalSection
EndGlobal
